
Microsoft Visual Studio Solution File, Format Version 12.00
# Visual Studio Version 16
VisualStudioVersion = 16.0.31205.134
MinimumVisualStudioVersion = 10.0.40219.1
Project("{FAE04EC0-301F-11D3-BF4B-00C04F79EFBC}") = "OCR", "OCR\OCR.csproj", "{4CDE20EC-3DA8-4619-9ADC-8A6CCF491D08}"
EndProject
Global
	GlobalSection(SolutionConfigurationPlatforms) = preSolution
		Debug|Any CPU = Debug|Any CPU
		Release|Any CPU = Release|Any CPU
	EndGlobalSection
	GlobalSection(ProjectConfigurationPlatforms) = postSolution
		{4CDE20EC-3DA8-4619-9ADC-8A6CCF491D08}.Debug|Any CPU.ActiveCfg = Debug|Any CPU
		{4CDE20EC-3DA8-4619-9ADC-8A6CCF491D08}.Debug|Any CPU.Build.0 = Debug|Any CPU
		{4CDE20EC-3DA8-4619-9ADC-8A6CCF491D08}.Release|Any CPU.ActiveCfg = Release|Any CPU
		{4CDE20EC-3DA8-4619-9ADC-8A6CCF491D08}.Release|Any CPU.Build.0 = Release|Any CPU
	EndGlobalSection
	GlobalSection(SolutionProperties) = preSolution
		HideSolutionNode = FALSE
	EndGlobalSection
	GlobalSection(ExtensibilityGlobals) = postSolution
		SolutionGuid = {5DC59C9A-51F2-4F98-96CA-700275F7236E}
	EndGlobalSection
EndGlobal
